// !$*UTF8*$!
{
	archiveVersion = 1;
	classes = {
	};
	objectVersion = 50;
	objects = {

/* Begin PBXBuildFile section */
		572CBDCE249CFB9500CB9A12 /* DrinksViewController.xib in Resources */ = {isa = PBXBuildFile; fileRef = 572CBDCD249CFB9500CB9A12 /* DrinksViewController.xib */; };
		572CBDD3249D031F00CB9A12 /* FiltersViewController.xib in Resources */ = {isa = PBXBuildFile; fileRef = 572CBDD2249D031F00CB9A12 /* FiltersViewController.xib */; };
		572CBDD7249D053100CB9A12 /* Cocktails.swift in Sources */ = {isa = PBXBuildFile; fileRef = 572CBDD6249D053100CB9A12 /* Cocktails.swift */; };
		572CBDD9249D05AF00CB9A12 /* Filters.swift in Sources */ = {isa = PBXBuildFile; fileRef = 572CBDD8249D05AF00CB9A12 /* Filters.swift */; };
		572CBDDB249D063D00CB9A12 /* NetworkService.swift in Sources */ = {isa = PBXBuildFile; fileRef = 572CBDDA249D063D00CB9A12 /* NetworkService.swift */; };
		57368A72249BEBDD00ADE6EE /* Roboto-Medium.ttf in Resources */ = {isa = PBXBuildFile; fileRef = 57368A66249BEBDC00ADE6EE /* Roboto-Medium.ttf */; };
		57368A7B249BED6F00ADE6EE /* FiltersViewController.swift in Sources */ = {isa = PBXBuildFile; fileRef = 57368A7A249BED6F00ADE6EE /* FiltersViewController.swift */; };
		57368A7F249BF12000ADE6EE /* Roboto-Regular.ttf in Resources */ = {isa = PBXBuildFile; fileRef = 57368A7E249BF12000ADE6EE /* Roboto-Regular.ttf */; };
		57368A87249C037100ADE6EE /* CocktailTableViewCell.swift in Sources */ = {isa = PBXBuildFile; fileRef = 57368A85249C037100ADE6EE /* CocktailTableViewCell.swift */; };
		57368A88249C037100ADE6EE /* CocktailTableViewCell.xib in Resources */ = {isa = PBXBuildFile; fileRef = 57368A86249C037100ADE6EE /* CocktailTableViewCell.xib */; };
		57B0DEBB249A9E22009FF80B /* AppDelegate.swift in Sources */ = {isa = PBXBuildFile; fileRef = 57B0DEBA249A9E22009FF80B /* AppDelegate.swift */; };
		57B0DEBD249A9E22009FF80B /* SceneDelegate.swift in Sources */ = {isa = PBXBuildFile; fileRef = 57B0DEBC249A9E22009FF80B /* SceneDelegate.swift */; };
		57B0DEBF249A9E22009FF80B /* DrinksViewController.swift in Sources */ = {isa = PBXBuildFile; fileRef = 57B0DEBE249A9E22009FF80B /* DrinksViewController.swift */; };
		57B0DEC2249A9E22009FF80B /* Main.storyboard in Resources */ = {isa = PBXBuildFile; fileRef = 57B0DEC0249A9E22009FF80B /* Main.storyboard */; };
		57B0DEC4249A9E22009FF80B /* Assets.xcassets in Resources */ = {isa = PBXBuildFile; fileRef = 57B0DEC3249A9E22009FF80B /* Assets.xcassets */; };
		57B0DEC7249A9E22009FF80B /* LaunchScreen.storyboard in Resources */ = {isa = PBXBuildFile; fileRef = 57B0DEC5249A9E22009FF80B /* LaunchScreen.storyboard */; };
		57B13BE6249C1C66005D4225 /* FilterTableViewCell.swift in Sources */ = {isa = PBXBuildFile; fileRef = 57B13BE4249C1C66005D4225 /* FilterTableViewCell.swift */; };
		57B13BE7249C1C66005D4225 /* FilterTableViewCell.xib in Resources */ = {isa = PBXBuildFile; fileRef = 57B13BE5249C1C66005D4225 /* FilterTableViewCell.xib */; };
		57CAE02E249C2025009BDA0E /* Roboto-Bold.ttf in Resources */ = {isa = PBXBuildFile; fileRef = 57CAE02D249C2025009BDA0E /* Roboto-Bold.ttf */; };
		57CAE031249C315B009BDA0E /* HeaderInSectionView.xib in Resources */ = {isa = PBXBuildFile; fileRef = 57CAE030249C315B009BDA0E /* HeaderInSectionView.xib */; };
		57CAE033249C3192009BDA0E /* HeaderInSectionView.swift in Sources */ = {isa = PBXBuildFile; fileRef = 57CAE032249C3192009BDA0E /* HeaderInSectionView.swift */; };
/* End PBXBuildFile section */

/* Begin PBXFileReference section */
		572CBDCD249CFB9500CB9A12 /* DrinksViewController.xib */ = {isa = PBXFileReference; lastKnownFileType = file.xib; path = DrinksViewController.xib; sourceTree = "<group>"; };
		572CBDD2249D031F00CB9A12 /* FiltersViewController.xib */ = {isa = PBXFileReference; lastKnownFileType = file.xib; path = FiltersViewController.xib; sourceTree = "<group>"; };
		572CBDD6249D053100CB9A12 /* Cocktails.swift */ = {isa = PBXFileReference; lastKnownFileType = sourcecode.swift; path = Cocktails.swift; sourceTree = "<group>"; };
		572CBDD8249D05AF00CB9A12 /* Filters.swift */ = {isa = PBXFileReference; lastKnownFileType = sourcecode.swift; path = Filters.swift; sourceTree = "<group>"; };
		572CBDDA249D063D00CB9A12 /* NetworkService.swift */ = {isa = PBXFileReference; lastKnownFileType = sourcecode.swift; path = NetworkService.swift; sourceTree = "<group>"; };
		57368A66249BEBDC00ADE6EE /* Roboto-Medium.ttf */ = {isa = PBXFileReference; lastKnownFileType = file; path = "Roboto-Medium.ttf"; sourceTree = "<group>"; };
		57368A7A249BED6F00ADE6EE /* FiltersViewController.swift */ = {isa = PBXFileReference; lastKnownFileType = sourcecode.swift; path = FiltersViewController.swift; sourceTree = "<group>"; };
		57368A7E249BF12000ADE6EE /* Roboto-Regular.ttf */ = {isa = PBXFileReference; lastKnownFileType = file; path = "Roboto-Regular.ttf"; sourceTree = "<group>"; };
		57368A85249C037100ADE6EE /* CocktailTableViewCell.swift */ = {isa = PBXFileReference; lastKnownFileType = sourcecode.swift; path = CocktailTableViewCell.swift; sourceTree = "<group>"; };
		57368A86249C037100ADE6EE /* CocktailTableViewCell.xib */ = {isa = PBXFileReference; lastKnownFileType = file.xib; path = CocktailTableViewCell.xib; sourceTree = "<group>"; };
		57B0DEB7249A9E22009FF80B /* CocktailDB.app */ = {isa = PBXFileReference; explicitFileType = wrapper.application; includeInIndex = 0; path = CocktailDB.app; sourceTree = BUILT_PRODUCTS_DIR; };
		57B0DEBA249A9E22009FF80B /* AppDelegate.swift */ = {isa = PBXFileReference; lastKnownFileType = sourcecode.swift; path = AppDelegate.swift; sourceTree = "<group>"; };
		57B0DEBC249A9E22009FF80B /* SceneDelegate.swift */ = {isa = PBXFileReference; lastKnownFileType = sourcecode.swift; path = SceneDelegate.swift; sourceTree = "<group>"; };
		57B0DEBE249A9E22009FF80B /* DrinksViewController.swift */ = {isa = PBXFileReference; lastKnownFileType = sourcecode.swift; path = DrinksViewController.swift; sourceTree = "<group>"; };
		57B0DEC1249A9E22009FF80B /* Base */ = {isa = PBXFileReference; lastKnownFileType = file.storyboard; name = Base; path = Base.lproj/Main.storyboard; sourceTree = "<group>"; };
		57B0DEC3249A9E22009FF80B /* Assets.xcassets */ = {isa = PBXFileReference; lastKnownFileType = folder.assetcatalog; path = Assets.xcassets; sourceTree = "<group>"; };
		57B0DEC6249A9E22009FF80B /* Base */ = {isa = PBXFileReference; lastKnownFileType = file.storyboard; name = Base; path = Base.lproj/LaunchScreen.storyboard; sourceTree = "<group>"; };
		57B0DEC8249A9E22009FF80B /* Info.plist */ = {isa = PBXFileReference; lastKnownFileType = text.plist.xml; path = Info.plist; sourceTree = "<group>"; };
		57B13BE4249C1C66005D4225 /* FilterTableViewCell.swift */ = {isa = PBXFileReference; lastKnownFileType = sourcecode.swift; path = FilterTableViewCell.swift; sourceTree = "<group>"; };
		57B13BE5249C1C66005D4225 /* FilterTableViewCell.xib */ = {isa = PBXFileReference; lastKnownFileType = file.xib; path = FilterTableViewCell.xib; sourceTree = "<group>"; };
		57CAE02D249C2025009BDA0E /* Roboto-Bold.ttf */ = {isa = PBXFileReference; lastKnownFileType = file; path = "Roboto-Bold.ttf"; sourceTree = "<group>"; };
		57CAE030249C315B009BDA0E /* HeaderInSectionView.xib */ = {isa = PBXFileReference; lastKnownFileType = file.xib; path = HeaderInSectionView.xib; sourceTree = "<group>"; };
		57CAE032249C3192009BDA0E /* HeaderInSectionView.swift */ = {isa = PBXFileReference; lastKnownFileType = sourcecode.swift; path = HeaderInSectionView.swift; sourceTree = "<group>"; };
/* End PBXFileReference section */

/* Begin PBXFrameworksBuildPhase section */
		57B0DEB4249A9E22009FF80B /* Frameworks */ = {
			isa = PBXFrameworksBuildPhase;
			buildActionMask = 2147483647;
			files = (
			);
			runOnlyForDeploymentPostprocessing = 0;
		};
/* End PBXFrameworksBuildPhase section */

/* Begin PBXGroup section */
		572CBDCF249CFC4600CB9A12 /* View */ = {
			isa = PBXGroup;
			children = (
				57B0DEBE249A9E22009FF80B /* DrinksViewController.swift */,
				572CBDCD249CFB9500CB9A12 /* DrinksViewController.xib */,
				57368A7A249BED6F00ADE6EE /* FiltersViewController.swift */,
				572CBDD2249D031F00CB9A12 /* FiltersViewController.xib */,
			);
			path = View;
			sourceTree = "<group>";
		};
		572CBDD0249D02C000CB9A12 /* ServiceLayers */ = {
			isa = PBXGroup;
			children = (
				572CBDD1249D02E400CB9A12 /* NetworkService */,
			);
			path = ServiceLayers;
			sourceTree = "<group>";
		};
		572CBDD1249D02E400CB9A12 /* NetworkService */ = {
			isa = PBXGroup;
			children = (
				572CBDDA249D063D00CB9A12 /* NetworkService.swift */,
			);
			path = NetworkService;
			sourceTree = "<group>";
		};
		572CBDD4249D040800CB9A12 /* CocktailsModul */ = {
			isa = PBXGroup;
			children = (
			);
			path = CocktailsModul;
			sourceTree = "<group>";
		};
		572CBDD5249D051500CB9A12 /* Model */ = {
			isa = PBXGroup;
			children = (
				572CBDD6249D053100CB9A12 /* Cocktails.swift */,
				572CBDD8249D05AF00CB9A12 /* Filters.swift */,
			);
			path = Model;
			sourceTree = "<group>";
		};
		57368A60249BEB4E00ADE6EE /* fonts */ = {
			isa = PBXGroup;
			children = (
				57368A79249BEC3D00ADE6EE /* Roboto */,
			);
			path = fonts;
			sourceTree = "<group>";
		};
		57368A79249BEC3D00ADE6EE /* Roboto */ = {
			isa = PBXGroup;
			children = (
				57368A7E249BF12000ADE6EE /* Roboto-Regular.ttf */,
				57CAE02D249C2025009BDA0E /* Roboto-Bold.ttf */,
				57368A66249BEBDC00ADE6EE /* Roboto-Medium.ttf */,
			);
			path = Roboto;
			sourceTree = "<group>";
		};
		57368A80249C030500ADE6EE /* cells */ = {
			isa = PBXGroup;
			children = (
				57368A85249C037100ADE6EE /* CocktailTableViewCell.swift */,
				57368A86249C037100ADE6EE /* CocktailTableViewCell.xib */,
				57B13BE4249C1C66005D4225 /* FilterTableViewCell.swift */,
				57B13BE5249C1C66005D4225 /* FilterTableViewCell.xib */,
			);
			path = cells;
			sourceTree = "<group>";
		};
		57B0DEAE249A9E21009FF80B = {
			isa = PBXGroup;
			children = (
				57B0DEB9249A9E22009FF80B /* CocktailDB */,
				57B0DEB8249A9E22009FF80B /* Products */,
			);
			sourceTree = "<group>";
		};
		57B0DEB8249A9E22009FF80B /* Products */ = {
			isa = PBXGroup;
			children = (
				57B0DEB7249A9E22009FF80B /* CocktailDB.app */,
			);
			name = Products;
			sourceTree = "<group>";
		};
		57B0DEB9249A9E22009FF80B /* CocktailDB */ = {
			isa = PBXGroup;
			children = (
				572CBDD4249D040800CB9A12 /* CocktailsModul */,
				572CBDD0249D02C000CB9A12 /* ServiceLayers */,
				572CBDD5249D051500CB9A12 /* Model */,
				572CBDCF249CFC4600CB9A12 /* View */,
				57CAE02F249C2CEB009BDA0E /* xibs */,
				57368A80249C030500ADE6EE /* cells */,
				57368A60249BEB4E00ADE6EE /* fonts */,
				57B0DEBA249A9E22009FF80B /* AppDelegate.swift */,
				57B0DEBC249A9E22009FF80B /* SceneDelegate.swift */,
				57B0DEC0249A9E22009FF80B /* Main.storyboard */,
				57B0DEC3249A9E22009FF80B /* Assets.xcassets */,
				57B0DEC5249A9E22009FF80B /* LaunchScreen.storyboard */,
				57B0DEC8249A9E22009FF80B /* Info.plist */,
			);
			path = CocktailDB;
			sourceTree = "<group>";
		};
		57CAE02F249C2CEB009BDA0E /* xibs */ = {
			isa = PBXGroup;
			children = (
				57CAE032249C3192009BDA0E /* HeaderInSectionView.swift */,
				57CAE030249C315B009BDA0E /* HeaderInSectionView.xib */,
			);
			path = xibs;
			sourceTree = "<group>";
		};
/* End PBXGroup section */

/* Begin PBXNativeTarget section */
		57B0DEB6249A9E22009FF80B /* CocktailDB */ = {
			isa = PBXNativeTarget;
			buildConfigurationList = 57B0DECB249A9E22009FF80B /* Build configuration list for PBXNativeTarget "CocktailDB" */;
			buildPhases = (
				57B0DEB3249A9E22009FF80B /* Sources */,
				57B0DEB4249A9E22009FF80B /* Frameworks */,
				57B0DEB5249A9E22009FF80B /* Resources */,
			);
			buildRules = (
			);
			dependencies = (
			);
			name = CocktailDB;
			productName = CocktailDB;
			productReference = 57B0DEB7249A9E22009FF80B /* CocktailDB.app */;
			productType = "com.apple.product-type.application";
		};
/* End PBXNativeTarget section */

/* Begin PBXProject section */
		57B0DEAF249A9E21009FF80B /* Project object */ = {
			isa = PBXProject;
			attributes = {
				LastSwiftUpdateCheck = 1150;
				LastUpgradeCheck = 1150;
				ORGANIZATIONNAME = "Viktor Pelivan";
				TargetAttributes = {
					57B0DEB6249A9E22009FF80B = {
						CreatedOnToolsVersion = 11.5;
					};
				};
			};
			buildConfigurationList = 57B0DEB2249A9E21009FF80B /* Build configuration list for PBXProject "CocktailDB" */;
			compatibilityVersion = "Xcode 9.3";
			developmentRegion = en;
			hasScannedForEncodings = 0;
			knownRegions = (
				en,
				Base,
			);
			mainGroup = 57B0DEAE249A9E21009FF80B;
			productRefGroup = 57B0DEB8249A9E22009FF80B /* Products */;
			projectDirPath = "";
			projectRoot = "";
			targets = (
				57B0DEB6249A9E22009FF80B /* CocktailDB */,
			);
		};
/* End PBXProject section */

/* Begin PBXResourcesBuildPhase section */
		57B0DEB5249A9E22009FF80B /* Resources */ = {
			isa = PBXResourcesBuildPhase;
			buildActionMask = 2147483647;
			files = (
				57B0DEC7249A9E22009FF80B /* LaunchScreen.storyboard in Resources */,
				57B13BE7249C1C66005D4225 /* FilterTableViewCell.xib in Resources */,
				57368A88249C037100ADE6EE /* CocktailTableViewCell.xib in Resources */,
				572CBDCE249CFB9500CB9A12 /* DrinksViewController.xib in Resources */,
				57CAE031249C315B009BDA0E /* HeaderInSectionView.xib in Resources */,
				57B0DEC4249A9E22009FF80B /* Assets.xcassets in Resources */,
				57368A7F249BF12000ADE6EE /* Roboto-Regular.ttf in Resources */,
				57B0DEC2249A9E22009FF80B /* Main.storyboard in Resources */,
				57CAE02E249C2025009BDA0E /* Roboto-Bold.ttf in Resources */,
				572CBDD3249D031F00CB9A12 /* FiltersViewController.xib in Resources */,
				57368A72249BEBDD00ADE6EE /* Roboto-Medium.ttf in Resources */,
			);
			runOnlyForDeploymentPostprocessing = 0;
		};
/* End PBXResourcesBuildPhase section */

/* Begin PBXSourcesBuildPhase section */
		57B0DEB3249A9E22009FF80B /* Sources */ = {
			isa = PBXSourcesBuildPhase;
			buildActionMask = 2147483647;
			files = (
				572CBDDB249D063D00CB9A12 /* NetworkService.swift in Sources */,
				57CAE033249C3192009BDA0E /* HeaderInSectionView.swift in Sources */,
				57368A87249C037100ADE6EE /* CocktailTableViewCell.swift in Sources */,
				57B0DEBF249A9E22009FF80B /* DrinksViewController.swift in Sources */,
				57B0DEBB249A9E22009FF80B /* AppDelegate.swift in Sources */,
				57B13BE6249C1C66005D4225 /* FilterTableViewCell.swift in Sources */,
				57368A7B249BED6F00ADE6EE /* FiltersViewController.swift in Sources */,
				572CBDD9249D05AF00CB9A12 /* Filters.swift in Sources */,
				57B0DEBD249A9E22009FF80B /* SceneDelegate.swift in Sources */,
				572CBDD7249D053100CB9A12 /* Cocktails.swift in Sources */,
			);
			runOnlyForDeploymentPostprocessing = 0;
		};
/* End PBXSourcesBuildPhase section */

/* Begin PBXVariantGroup section */
		57B0DEC0249A9E22009FF80B /* Main.storyboard */ = {
			isa = PBXVariantGroup;
			children = (
				57B0DEC1249A9E22009FF80B /* Base */,
			);
			name = Main.storyboard;
			sourceTree = "<group>";
		};
		57B0DEC5249A9E22009FF80B /* LaunchScreen.storyboard */ = {
			isa = PBXVariantGroup;
			children = (
				57B0DEC6249A9E22009FF80B /* Base */,
			);
			name = LaunchScreen.storyboard;
			sourceTree = "<group>";
		};
/* End PBXVariantGroup section */

/* Begin XCBuildConfiguration section */
		57B0DEC9249A9E22009FF80B /* Debug */ = {
			isa = XCBuildConfiguration;
			buildSettings = {
				ALWAYS_SEARCH_USER_PATHS = NO;
				CLANG_ANALYZER_NONNULL = YES;
				CLANG_ANALYZER_NUMBER_OBJECT_CONVERSION = YES_AGGRESSIVE;
				CLANG_CXX_LANGUAGE_STANDARD = "gnu++14";
				CLANG_CXX_LIBRARY = "libc++";
				CLANG_ENABLE_MODULES = YES;
				CLANG_ENABLE_OBJC_ARC = YES;
				CLANG_ENABLE_OBJC_WEAK = YES;
				CLANG_WARN_BLOCK_CAPTURE_AUTORELEASING = YES;
				CLANG_WARN_BOOL_CONVERSION = YES;
				CLANG_WARN_COMMA = YES;
				CLANG_WARN_CONSTANT_CONVERSION = YES;
				CLANG_WARN_DEPRECATED_OBJC_IMPLEMENTATIONS = YES;
				CLANG_WARN_DIRECT_OBJC_ISA_USAGE = YES_ERROR;
				CLANG_WARN_DOCUMENTATION_COMMENTS = YES;
				CLANG_WARN_EMPTY_BODY = YES;
				CLANG_WARN_ENUM_CONVERSION = YES;
				CLANG_WARN_INFINITE_RECURSION = YES;
				CLANG_WARN_INT_CONVERSION = YES;
				CLANG_WARN_NON_LITERAL_NULL_CONVERSION = YES;
				CLANG_WARN_OBJC_IMPLICIT_RETAIN_SELF = YES;
				CLANG_WARN_OBJC_LITERAL_CONVERSION = YES;
				CLANG_WARN_OBJC_ROOT_CLASS = YES_ERROR;
				CLANG_WARN_RANGE_LOOP_ANALYSIS = YES;
				CLANG_WARN_STRICT_PROTOTYPES = YES;
				CLANG_WARN_SUSPICIOUS_MOVE = YES;
				CLANG_WARN_UNGUARDED_AVAILABILITY = YES_AGGRESSIVE;
				CLANG_WARN_UNREACHABLE_CODE = YES;
				CLANG_WARN__DUPLICATE_METHOD_MATCH = YES;
				COPY_PHASE_STRIP = NO;
				DEBUG_INFORMATION_FORMAT = dwarf;
				ENABLE_STRICT_OBJC_MSGSEND = YES;
				ENABLE_TESTABILITY = YES;
				GCC_C_LANGUAGE_STANDARD = gnu11;
				GCC_DYNAMIC_NO_PIC = NO;
				GCC_NO_COMMON_BLOCKS = YES;
				GCC_OPTIMIZATION_LEVEL = 0;
				GCC_PREPROCESSOR_DEFINITIONS = (
					"DEBUG=1",
					"$(inherited)",
				);
				GCC_WARN_64_TO_32_BIT_CONVERSION = YES;
				GCC_WARN_ABOUT_RETURN_TYPE = YES_ERROR;
				GCC_WARN_UNDECLARED_SELECTOR = YES;
				GCC_WARN_UNINITIALIZED_AUTOS = YES_AGGRESSIVE;
				GCC_WARN_UNUSED_FUNCTION = YES;
				GCC_WARN_UNUSED_VARIABLE = YES;
				IPHONEOS_DEPLOYMENT_TARGET = 13.5;
				MTL_ENABLE_DEBUG_INFO = INCLUDE_SOURCE;
				MTL_FAST_MATH = YES;
				ONLY_ACTIVE_ARCH = YES;
				SDKROOT = iphoneos;
				SWIFT_ACTIVE_COMPILATION_CONDITIONS = DEBUG;
				SWIFT_OPTIMIZATION_LEVEL = "-Onone";
			};
			name = Debug;
		};
		57B0DECA249A9E22009FF80B /* Release */ = {
			isa = XCBuildConfiguration;
			buildSettings = {
				ALWAYS_SEARCH_USER_PATHS = NO;
				CLANG_ANALYZER_NONNULL = YES;
				CLANG_ANALYZER_NUMBER_OBJECT_CONVERSION = YES_AGGRESSIVE;
				CLANG_CXX_LANGUAGE_STANDARD = "gnu++14";
				CLANG_CXX_LIBRARY = "libc++";
				CLANG_ENABLE_MODULES = YES;
				CLANG_ENABLE_OBJC_ARC = YES;
				CLANG_ENABLE_OBJC_WEAK = YES;
				CLANG_WARN_BLOCK_CAPTURE_AUTORELEASING = YES;
				CLANG_WARN_BOOL_CONVERSION = YES;
				CLANG_WARN_COMMA = YES;
				CLANG_WARN_CONSTANT_CONVERSION = YES;
				CLANG_WARN_DEPRECATED_OBJC_IMPLEMENTATIONS = YES;
				CLANG_WARN_DIRECT_OBJC_ISA_USAGE = YES_ERROR;
				CLANG_WARN_DOCUMENTATION_COMMENTS = YES;
				CLANG_WARN_EMPTY_BODY = YES;
				CLANG_WARN_ENUM_CONVERSION = YES;
				CLANG_WARN_INFINITE_RECURSION = YES;
				CLANG_WARN_INT_CONVERSION = YES;
				CLANG_WARN_NON_LITERAL_NULL_CONVERSION = YES;
				CLANG_WARN_OBJC_IMPLICIT_RETAIN_SELF = YES;
				CLANG_WARN_OBJC_LITERAL_CONVERSION = YES;
				CLANG_WARN_OBJC_ROOT_CLASS = YES_ERROR;
				CLANG_WARN_RANGE_LOOP_ANALYSIS = YES;
				CLANG_WARN_STRICT_PROTOTYPES = YES;
				CLANG_WARN_SUSPICIOUS_MOVE = YES;
				CLANG_WARN_UNGUARDED_AVAILABILITY = YES_AGGRESSIVE;
				CLANG_WARN_UNREACHABLE_CODE = YES;
				CLANG_WARN__DUPLICATE_METHOD_MATCH = YES;
				COPY_PHASE_STRIP = NO;
				DEBUG_INFORMATION_FORMAT = "dwarf-with-dsym";
				ENABLE_NS_ASSERTIONS = NO;
				ENABLE_STRICT_OBJC_MSGSEND = YES;
				GCC_C_LANGUAGE_STANDARD = gnu11;
				GCC_NO_COMMON_BLOCKS = YES;
				GCC_WARN_64_TO_32_BIT_CONVERSION = YES;
				GCC_WARN_ABOUT_RETURN_TYPE = YES_ERROR;
				GCC_WARN_UNDECLARED_SELECTOR = YES;
				GCC_WARN_UNINITIALIZED_AUTOS = YES_AGGRESSIVE;
				GCC_WARN_UNUSED_FUNCTION = YES;
				GCC_WARN_UNUSED_VARIABLE = YES;
				IPHONEOS_DEPLOYMENT_TARGET = 13.5;
				MTL_ENABLE_DEBUG_INFO = NO;
				MTL_FAST_MATH = YES;
				SDKROOT = iphoneos;
				SWIFT_COMPILATION_MODE = wholemodule;
				SWIFT_OPTIMIZATION_LEVEL = "-O";
				VALIDATE_PRODUCT = YES;
			};
			name = Release;
		};
		57B0DECC249A9E22009FF80B /* Debug */ = {
			isa = XCBuildConfiguration;
			buildSettings = {
				ASSETCATALOG_COMPILER_APPICON_NAME = AppIcon;
				CODE_SIGN_STYLE = Automatic;
				DEVELOPMENT_TEAM = 378HZ25P52;
				INFOPLIST_FILE = CocktailDB/Info.plist;
				LD_RUNPATH_SEARCH_PATHS = (
					"$(inherited)",
					"@executable_path/Frameworks",
				);
				PRODUCT_BUNDLE_IDENTIFIER = com.vpelivan.CocktailDB;
				PRODUCT_NAME = "$(TARGET_NAME)";
				SWIFT_VERSION = 5.0;
				TARGETED_DEVICE_FAMILY = "1,2";
			};
			name = Debug;
		};
		57B0DECD249A9E22009FF80B /* Release */ = {
			isa = XCBuildConfiguration;
			buildSettings = {
				ASSETCATALOG_COMPILER_APPICON_NAME = AppIcon;
				CODE_SIGN_STYLE = Automatic;
				DEVELOPMENT_TEAM = 378HZ25P52;
				INFOPLIST_FILE = CocktailDB/Info.plist;
				LD_RUNPATH_SEARCH_PATHS = (
					"$(inherited)",
					"@executable_path/Frameworks",
				);
				PRODUCT_BUNDLE_IDENTIFIER = com.vpelivan.CocktailDB;
				PRODUCT_NAME = "$(TARGET_NAME)";
				SWIFT_VERSION = 5.0;
				TARGETED_DEVICE_FAMILY = "1,2";
			};
			name = Release;
		};
/* End XCBuildConfiguration section */

/* Begin XCConfigurationList section */
		57B0DEB2249A9E21009FF80B /* Build configuration list for PBXProject "CocktailDB" */ = {
			isa = XCConfigurationList;
			buildConfigurations = (
				57B0DEC9249A9E22009FF80B /* Debug */,
				57B0DECA249A9E22009FF80B /* Release */,
			);
			defaultConfigurationIsVisible = 0;
			defaultConfigurationName = Release;
		};
		57B0DECB249A9E22009FF80B /* Build configuration list for PBXNativeTarget "CocktailDB" */ = {
			isa = XCConfigurationList;
			buildConfigurations = (
				57B0DECC249A9E22009FF80B /* Debug */,
				57B0DECD249A9E22009FF80B /* Release */,
			);
			defaultConfigurationIsVisible = 0;
			defaultConfigurationName = Release;
		};
/* End XCConfigurationList section */
	};
	rootObject = 57B0DEAF249A9E21009FF80B /* Project object */;
}
